
Microsoft Visual Studio Solution File, Format Version 12.00
Project("{FAE04EC0-301F-11D3-BF4B-00C04F79EFBC}") = "SkillIssue.Database", "SkillIssue.Database\SkillIssue.Database.csproj", "{E3B956C6-D09B-4877-8E05-B74E02F89525}"
EndProject
Project("{2150E333-8FDC-42A3-9474-1A3956D46DE8}") = "SkillIssue.Domain", "SkillIssue.Domain", "{23FDE238-9F6B-44AE-B138-B73596DB3294}"
EndProject
Project("{FAE04EC0-301F-11D3-BF4B-00C04F79EFBC}") = "SkillIssue.Domain", "SkillIssue.Domain\SkillIssue.Domain.csproj", "{46D21279-EF98-4FF5-B236-FB1728871865}"
EndProject
Project("{FAE04EC0-301F-11D3-BF4B-00C04F79EFBC}") = "SkillIssue", "SkillIssue\SkillIssue.csproj", "{026D85A7-1C68-4AC6-83BF-112C37B8BE8D}"
EndProject
Project("{FAE04EC0-301F-11D3-BF4B-00C04F79EFBC}") = "TheGreatSpy", "TheGreatSpy\TheGreatSpy.csproj", "{696C1D70-7D97-401A-B112-E0501439236A}"
EndProject
Project("{FAE04EC0-301F-11D3-BF4B-00C04F79EFBC}") = "TheGreatMultiplayerLibrary", "TheGreatMultiplayerLibrary\TheGreatMultiplayerLibrary.csproj", "{910987E8-D10A-478A-9C93-EC28B11A3C18}"
EndProject
Project("{FAE04EC0-301F-11D3-BF4B-00C04F79EFBC}") = "Unfair", "Unfair\Unfair.csproj", "{A0897EFE-6831-4E02-8A9A-10BBBFF5D9C0}"
EndProject
Project("{2150E333-8FDC-42A3-9474-1A3956D46DE8}") = "PPC", "PPC", "{C8C2B36E-8854-42C6-B164-F6ADE7D75AFA}"
EndProject
Project("{2150E333-8FDC-42A3-9474-1A3956D46DE8}") = "TGML", "TGML", "{44BAA8A3-AE34-4857-9DF8-AD785A633D01}"
EndProject
Project("{2150E333-8FDC-42A3-9474-1A3956D46DE8}") = "TGS", "TGS", "{E0CB0887-75AA-4EA3-B564-432D723BF2B0}"
EndProject
Project("{2150E333-8FDC-42A3-9474-1A3956D46DE8}") = "Unfair", "Unfair", "{B3312A1E-501D-453C-B24F-416A288E43D6}"
EndProject
Project("{2150E333-8FDC-42A3-9474-1A3956D46DE8}") = "src", "src", "{024F24E1-5FA3-4557-B907-454C076B8B89}"
EndProject
Project("{2150E333-8FDC-42A3-9474-1A3956D46DE8}") = "src", "src", "{BBFB826B-AB88-43AB-9515-D883C5641672}"
EndProject
Project("{2150E333-8FDC-42A3-9474-1A3956D46DE8}") = "src", "src", "{04FCD58E-CB78-453F-9D41-5E6315DB5D4F}"
EndProject
Project("{2150E333-8FDC-42A3-9474-1A3956D46DE8}") = "src", "src", "{0221BEAD-8ECB-44EE-9DCD-4BEF86A47073}"
EndProject
Project("{2150E333-8FDC-42A3-9474-1A3956D46DE8}") = "src", "src", "{904ED8D0-F6C2-4F2F-B4CF-83BBE474B857}"
EndProject
Project("{FAE04EC0-301F-11D3-BF4B-00C04F79EFBC}") = "PlayerPerformanceCalculator", "PlayerPerformanceCalculator\PlayerPerformanceCalculator.csproj", "{1C5BCE1F-7103-4AE6-83B2-8CF17D1B9E95}"
EndProject
Project("{2150E333-8FDC-42A3-9474-1A3956D46DE8}") = "v3", "v3", "{29EE141E-7A70-40E9-98E4-61C8731B7A5A}"
EndProject
Project("{FAE04EC0-301F-11D3-BF4B-00C04F79EFBC}") = "SkillIssue", "v3\SkillIssue\SkillIssue.csproj", "{F0C3484F-9F39-4072-9E2B-2933D1448F95}"
EndProject
Project("{2150E333-8FDC-42A3-9474-1A3956D46DE8}") = "Solution Items", "Solution Items", "{B6A68FAA-49D6-4E32-87A7-5D3E468D3A38}"
	ProjectSection(SolutionItems) = preProject
		docker-compose.yml = docker-compose.yml
	EndProjectSection
EndProject
Project("{FAE04EC0-301F-11D3-BF4B-00C04F79EFBC}") = "SkillIssue.Domain", "v3\SkillIssue.Domain\SkillIssue.Domain.csproj", "{EE2C13BD-242D-4D08-AB43-BB33F781F58D}"
EndProject
Project("{FAE04EC0-301F-11D3-BF4B-00C04F79EFBC}") = "SkillIssue.Application", "v3\SkillIssue.Application\SkillIssue.Application.csproj", "{87B1D108-8F8A-4C39-830E-86039ED3DCDF}"
EndProject
Project("{FAE04EC0-301F-11D3-BF4B-00C04F79EFBC}") = "SkillIssue.Infrastructure", "v3\SkillIssue.Infrastructure\SkillIssue.Infrastructure.csproj", "{1B87CE0B-286E-41F7-A076-B5B0D88E3559}"
EndProject
Project("{FAE04EC0-301F-11D3-BF4B-00C04F79EFBC}") = "SkillIssue.Repository", "v3\SkillIssue.Repository\SkillIssue.Repository.csproj", "{84397D0D-D6F4-47D2-AC1D-AFAFD1A102C5}"
EndProject
Project("{FAE04EC0-301F-11D3-BF4B-00C04F79EFBC}") = "SkillIssue.Common", "v3\SkillIssue.Common\SkillIssue.Common.csproj", "{E509D845-3AAF-4679-B35C-D9D448DA3091}"
EndProject
Project("{FAE04EC0-301F-11D3-BF4B-00C04F79EFBC}") = "SkillIssue.Contracts", "v3\SkillIssue.Contracts\SkillIssue.Contracts.csproj", "{3EC7FAF8-EA59-4B78-A65E-A72A56148302}"
EndProject
Project("{FAE04EC0-301F-11D3-BF4B-00C04F79EFBC}") = "SkillIssue.ThirdParty.Osu", "v3\SkillIssue.ThirdParty.Osu\SkillIssue.ThirdParty.Osu.csproj", "{0800C4A1-5691-48D4-9EA1-4D22DA45F4A6}"
EndProject
Global
	GlobalSection(SolutionConfigurationPlatforms) = preSolution
		Debug|Any CPU = Debug|Any CPU
		Release|Any CPU = Release|Any CPU
	EndGlobalSection
	GlobalSection(ProjectConfigurationPlatforms) = postSolution
		{E3B956C6-D09B-4877-8E05-B74E02F89525}.Debug|Any CPU.ActiveCfg = Debug|Any CPU
		{E3B956C6-D09B-4877-8E05-B74E02F89525}.Debug|Any CPU.Build.0 = Debug|Any CPU
		{E3B956C6-D09B-4877-8E05-B74E02F89525}.Release|Any CPU.ActiveCfg = Release|Any CPU
		{E3B956C6-D09B-4877-8E05-B74E02F89525}.Release|Any CPU.Build.0 = Release|Any CPU
		{46D21279-EF98-4FF5-B236-FB1728871865}.Debug|Any CPU.ActiveCfg = Debug|Any CPU
		{46D21279-EF98-4FF5-B236-FB1728871865}.Debug|Any CPU.Build.0 = Debug|Any CPU
		{46D21279-EF98-4FF5-B236-FB1728871865}.Release|Any CPU.ActiveCfg = Release|Any CPU
		{46D21279-EF98-4FF5-B236-FB1728871865}.Release|Any CPU.Build.0 = Release|Any CPU
		{026D85A7-1C68-4AC6-83BF-112C37B8BE8D}.Debug|Any CPU.ActiveCfg = Debug|Any CPU
		{026D85A7-1C68-4AC6-83BF-112C37B8BE8D}.Debug|Any CPU.Build.0 = Debug|Any CPU
		{026D85A7-1C68-4AC6-83BF-112C37B8BE8D}.Release|Any CPU.ActiveCfg = Release|Any CPU
		{026D85A7-1C68-4AC6-83BF-112C37B8BE8D}.Release|Any CPU.Build.0 = Release|Any CPU
		{696C1D70-7D97-401A-B112-E0501439236A}.Debug|Any CPU.ActiveCfg = Debug|Any CPU
		{696C1D70-7D97-401A-B112-E0501439236A}.Debug|Any CPU.Build.0 = Debug|Any CPU
		{696C1D70-7D97-401A-B112-E0501439236A}.Release|Any CPU.ActiveCfg = Release|Any CPU
		{696C1D70-7D97-401A-B112-E0501439236A}.Release|Any CPU.Build.0 = Release|Any CPU
		{910987E8-D10A-478A-9C93-EC28B11A3C18}.Debug|Any CPU.ActiveCfg = Debug|Any CPU
		{910987E8-D10A-478A-9C93-EC28B11A3C18}.Debug|Any CPU.Build.0 = Debug|Any CPU
		{910987E8-D10A-478A-9C93-EC28B11A3C18}.Release|Any CPU.ActiveCfg = Release|Any CPU
		{910987E8-D10A-478A-9C93-EC28B11A3C18}.Release|Any CPU.Build.0 = Release|Any CPU
		{A0897EFE-6831-4E02-8A9A-10BBBFF5D9C0}.Debug|Any CPU.ActiveCfg = Debug|Any CPU
		{A0897EFE-6831-4E02-8A9A-10BBBFF5D9C0}.Debug|Any CPU.Build.0 = Debug|Any CPU
		{A0897EFE-6831-4E02-8A9A-10BBBFF5D9C0}.Release|Any CPU.ActiveCfg = Release|Any CPU
		{A0897EFE-6831-4E02-8A9A-10BBBFF5D9C0}.Release|Any CPU.Build.0 = Release|Any CPU
		{1C5BCE1F-7103-4AE6-83B2-8CF17D1B9E95}.Debug|Any CPU.ActiveCfg = Debug|Any CPU
		{1C5BCE1F-7103-4AE6-83B2-8CF17D1B9E95}.Debug|Any CPU.Build.0 = Debug|Any CPU
		{1C5BCE1F-7103-4AE6-83B2-8CF17D1B9E95}.Release|Any CPU.ActiveCfg = Release|Any CPU
		{1C5BCE1F-7103-4AE6-83B2-8CF17D1B9E95}.Release|Any CPU.Build.0 = Release|Any CPU
		{F0C3484F-9F39-4072-9E2B-2933D1448F95}.Debug|Any CPU.ActiveCfg = Debug|Any CPU
		{F0C3484F-9F39-4072-9E2B-2933D1448F95}.Debug|Any CPU.Build.0 = Debug|Any CPU
		{F0C3484F-9F39-4072-9E2B-2933D1448F95}.Release|Any CPU.ActiveCfg = Release|Any CPU
		{F0C3484F-9F39-4072-9E2B-2933D1448F95}.Release|Any CPU.Build.0 = Release|Any CPU
		{EE2C13BD-242D-4D08-AB43-BB33F781F58D}.Debug|Any CPU.ActiveCfg = Debug|Any CPU
		{EE2C13BD-242D-4D08-AB43-BB33F781F58D}.Debug|Any CPU.Build.0 = Debug|Any CPU
		{EE2C13BD-242D-4D08-AB43-BB33F781F58D}.Release|Any CPU.ActiveCfg = Release|Any CPU
		{EE2C13BD-242D-4D08-AB43-BB33F781F58D}.Release|Any CPU.Build.0 = Release|Any CPU
		{87B1D108-8F8A-4C39-830E-86039ED3DCDF}.Debug|Any CPU.ActiveCfg = Debug|Any CPU
		{87B1D108-8F8A-4C39-830E-86039ED3DCDF}.Debug|Any CPU.Build.0 = Debug|Any CPU
		{87B1D108-8F8A-4C39-830E-86039ED3DCDF}.Release|Any CPU.ActiveCfg = Release|Any CPU
		{87B1D108-8F8A-4C39-830E-86039ED3DCDF}.Release|Any CPU.Build.0 = Release|Any CPU
		{1B87CE0B-286E-41F7-A076-B5B0D88E3559}.Debug|Any CPU.ActiveCfg = Debug|Any CPU
		{1B87CE0B-286E-41F7-A076-B5B0D88E3559}.Debug|Any CPU.Build.0 = Debug|Any CPU
		{1B87CE0B-286E-41F7-A076-B5B0D88E3559}.Release|Any CPU.ActiveCfg = Release|Any CPU
		{1B87CE0B-286E-41F7-A076-B5B0D88E3559}.Release|Any CPU.Build.0 = Release|Any CPU
		{84397D0D-D6F4-47D2-AC1D-AFAFD1A102C5}.Debug|Any CPU.ActiveCfg = Debug|Any CPU
		{84397D0D-D6F4-47D2-AC1D-AFAFD1A102C5}.Debug|Any CPU.Build.0 = Debug|Any CPU
		{84397D0D-D6F4-47D2-AC1D-AFAFD1A102C5}.Release|Any CPU.ActiveCfg = Release|Any CPU
		{84397D0D-D6F4-47D2-AC1D-AFAFD1A102C5}.Release|Any CPU.Build.0 = Release|Any CPU
		{E509D845-3AAF-4679-B35C-D9D448DA3091}.Debug|Any CPU.ActiveCfg = Debug|Any CPU
		{E509D845-3AAF-4679-B35C-D9D448DA3091}.Debug|Any CPU.Build.0 = Debug|Any CPU
		{E509D845-3AAF-4679-B35C-D9D448DA3091}.Release|Any CPU.ActiveCfg = Release|Any CPU
		{E509D845-3AAF-4679-B35C-D9D448DA3091}.Release|Any CPU.Build.0 = Release|Any CPU
		{3EC7FAF8-EA59-4B78-A65E-A72A56148302}.Debug|Any CPU.ActiveCfg = Debug|Any CPU
		{3EC7FAF8-EA59-4B78-A65E-A72A56148302}.Debug|Any CPU.Build.0 = Debug|Any CPU
		{3EC7FAF8-EA59-4B78-A65E-A72A56148302}.Release|Any CPU.ActiveCfg = Release|Any CPU
		{3EC7FAF8-EA59-4B78-A65E-A72A56148302}.Release|Any CPU.Build.0 = Release|Any CPU
		{0800C4A1-5691-48D4-9EA1-4D22DA45F4A6}.Debug|Any CPU.ActiveCfg = Debug|Any CPU
		{0800C4A1-5691-48D4-9EA1-4D22DA45F4A6}.Debug|Any CPU.Build.0 = Debug|Any CPU
		{0800C4A1-5691-48D4-9EA1-4D22DA45F4A6}.Release|Any CPU.ActiveCfg = Release|Any CPU
		{0800C4A1-5691-48D4-9EA1-4D22DA45F4A6}.Release|Any CPU.Build.0 = Release|Any CPU
	EndGlobalSection
	GlobalSection(NestedProjects) = preSolution
		{E3B956C6-D09B-4877-8E05-B74E02F89525} = {23FDE238-9F6B-44AE-B138-B73596DB3294}
		{46D21279-EF98-4FF5-B236-FB1728871865} = {23FDE238-9F6B-44AE-B138-B73596DB3294}
		{026D85A7-1C68-4AC6-83BF-112C37B8BE8D} = {024F24E1-5FA3-4557-B907-454C076B8B89}
		{BBFB826B-AB88-43AB-9515-D883C5641672} = {44BAA8A3-AE34-4857-9DF8-AD785A633D01}
		{910987E8-D10A-478A-9C93-EC28B11A3C18} = {BBFB826B-AB88-43AB-9515-D883C5641672}
		{04FCD58E-CB78-453F-9D41-5E6315DB5D4F} = {E0CB0887-75AA-4EA3-B564-432D723BF2B0}
		{696C1D70-7D97-401A-B112-E0501439236A} = {04FCD58E-CB78-453F-9D41-5E6315DB5D4F}
		{0221BEAD-8ECB-44EE-9DCD-4BEF86A47073} = {B3312A1E-501D-453C-B24F-416A288E43D6}
		{A0897EFE-6831-4E02-8A9A-10BBBFF5D9C0} = {0221BEAD-8ECB-44EE-9DCD-4BEF86A47073}
		{904ED8D0-F6C2-4F2F-B4CF-83BBE474B857} = {C8C2B36E-8854-42C6-B164-F6ADE7D75AFA}
		{1C5BCE1F-7103-4AE6-83B2-8CF17D1B9E95} = {904ED8D0-F6C2-4F2F-B4CF-83BBE474B857}
		{F0C3484F-9F39-4072-9E2B-2933D1448F95} = {29EE141E-7A70-40E9-98E4-61C8731B7A5A}
		{EE2C13BD-242D-4D08-AB43-BB33F781F58D} = {29EE141E-7A70-40E9-98E4-61C8731B7A5A}
		{87B1D108-8F8A-4C39-830E-86039ED3DCDF} = {29EE141E-7A70-40E9-98E4-61C8731B7A5A}
		{1B87CE0B-286E-41F7-A076-B5B0D88E3559} = {29EE141E-7A70-40E9-98E4-61C8731B7A5A}
		{84397D0D-D6F4-47D2-AC1D-AFAFD1A102C5} = {29EE141E-7A70-40E9-98E4-61C8731B7A5A}
		{E509D845-3AAF-4679-B35C-D9D448DA3091} = {29EE141E-7A70-40E9-98E4-61C8731B7A5A}
		{3EC7FAF8-EA59-4B78-A65E-A72A56148302} = {29EE141E-7A70-40E9-98E4-61C8731B7A5A}
		{0800C4A1-5691-48D4-9EA1-4D22DA45F4A6} = {29EE141E-7A70-40E9-98E4-61C8731B7A5A}
	EndGlobalSection
EndGlobal
